PODS:
  - Alamofire (4.3.0)
  - CRRefresh (1.0.5)
  - DGElasticPullToRefresh (1.1)
  - Kingfisher (3.6.0)
  - ObjectMapper (2.2.3)
  - PKHUD (4.2.0)

DEPENDENCIES:
  - Alamofire (~> 4.3.0)
  - CRRefresh (~> 1.0.5)
  - DGElasticPullToRefresh (~> 1.1)
  - Kingfisher (~> 3.6.0)
  - ObjectMapper (~> 2.2.3)
  - PKHUD (~> 4.2.0)

SPEC CHECKSUMS:
  Alamofire: 856a113053a7bc9cbe5d6367a555d773fc5cfef7
  CRRefresh: 718be57647db922a4a3af3f17fc41289145d8e83
  DGElasticPullToRefresh: 28f11a6026302a90f8ffebbc6e24748e584dddd3
  Kingfisher: 300035f9a40634dc9b452d946c9f22250688fecd
  ObjectMapper: d3b3de11267f5d971f390eb8d63dd509116a4329
  PKHUD: 48af884cf00c2213b0313b739d914e6cab1c0f5e

PODFILE CHECKSUM: 8ea07a972fc1f3954beb91ec234f6adcd8420929

COCOAPODS: 1.2.1
