PODS:
  - Alamofire (4.3.0)
  - ObjectMapper (2.2.3)

DEPENDENCIES:
  - Alamofire (~> 4.3.0)
  - ObjectMapper (~> 2.2.3)

SPEC CHECKSUMS:
  Alamofire: 856a113053a7bc9cbe5d6367a555d773fc5cfef7
  ObjectMapper: d3b3de11267f5d971f390eb8d63dd509116a4329

PODFILE CHECKSUM: 9aa95939219c7bea2363581b22b17b04af08c056

COCOAPODS: 1.2.0
